
Microsoft Visual Studio Solution File, Format Version 12.00
Project("{FAE04EC0-301F-11D3-BF4B-00C04F79EFBC}") = "lab2", "lab2\lab2.csproj", "{774653E1-36B8-4A0F-9FDF-CE35F8580C5B}"
EndProject
Global
	GlobalSection(SolutionConfigurationPlatforms) = preSolution
		Debug|Any CPU = Debug|Any CPU
		Release|Any CPU = Release|Any CPU
	EndGlobalSection
	GlobalSection(ProjectConfigurationPlatforms) = postSolution
		{774653E1-36B8-4A0F-9FDF-CE35F8580C5B}.Debug|Any CPU.ActiveCfg = Debug|Any CPU
		{774653E1-36B8-4A0F-9FDF-CE35F8580C5B}.Debug|Any CPU.Build.0 = Debug|Any CPU
		{774653E1-36B8-4A0F-9FDF-CE35F8580C5B}.Release|Any CPU.ActiveCfg = Release|Any CPU
		{774653E1-36B8-4A0F-9FDF-CE35F8580C5B}.Release|Any CPU.Build.0 = Release|Any CPU
	EndGlobalSection
EndGlobal
